<?xml version="1.0" encoding="utf-8"?>
<Project ToolsVersion="4.0" xmlns="http://schemas.microsoft.com/developer/msbuild/2003">
  <ItemGroup>
    <Filter Include="소스 파일">
      <UniqueIdentifier>{4FC737F1-C7A5-4376-A066-2A32D752A2FF}</UniqueIdentifier>
      <Extensions>cpp;c;cc;cxx;c++;cppm;ixx;def;odl;idl;hpj;bat;asm;asmx</Extensions>
    </Filter>
    <Filter Include="헤더 파일">
      <UniqueIdentifier>{93995380-89BD-4b04-88EB-625FBE52EBFB}</UniqueIdentifier>
      <Extensions>h;hh;hpp;hxx;h++;hm;inl;inc;ipp;xsd</Extensions>
    </Filter>
    <Filter Include="Utility">
      <UniqueIdentifier>{52df69c3-0e14-4e14-b560-fea87c8b75cb}</UniqueIdentifier>
    </Filter>
    <Filter Include="Module">
      <UniqueIdentifier>{f4f6d8be-6d59-4b52-be1f-04fb8d89e317}</UniqueIdentifier>
    </Filter>
    <Filter Include="Component">
      <UniqueIdentifier>{8b93aa2f-a4bb-467f-86dc-3ec8787a063e}</UniqueIdentifier>
    </Filter>
    <Filter Include="Scene">
      <UniqueIdentifier>{8226ff40-1d30-4efb-8c99-dcc1eca77cf1}</UniqueIdentifier>
    </Filter>
    <Filter Include="Item">
      <UniqueIdentifier>{44ed9344-3ac6-4312-8aca-d09dd9a63c21}</UniqueIdentifier>
    </Filter>
    <Filter Include="Bank">
      <UniqueIdentifier>{d2f89555-7c54-4380-b0a7-5026decec4fe}</UniqueIdentifier>
    </Filter>
    <Filter Include="Inventory">
      <UniqueIdentifier>{2370e0cf-166a-4cb0-8322-de791ca209e7}</UniqueIdentifier>
    </Filter>
  </ItemGroup>
  <ItemGroup>
    <ClInclude Include="InputManager.h">
      <Filter>헤더 파일</Filter>
    </ClInclude>
    <ClInclude Include="IAssetProvider.h">
      <Filter>헤더 파일</Filter>
    </ClInclude>
    <ClInclude Include="Object.h">
      <Filter>헤더 파일</Filter>
    </ClInclude>
    <ClInclude Include="AnimationClip.h">
      <Filter>Utility</Filter>
    </ClInclude>
    <ClInclude Include="AsepriteParser.h">
      <Filter>Utility</Filter>
    </ClInclude>
    <ClInclude Include="AssetProvider.h">
      <Filter>Utility</Filter>
    </ClInclude>
    <ClInclude Include="CallbackType.h">
      <Filter>Utility</Filter>
    </ClInclude>
    <ClInclude Include="Dispatcher.h">
      <Filter>Utility</Filter>
    </ClInclude>
    <ClInclude Include="ItemGlobal.h">
      <Filter>Utility</Filter>
    </ClInclude>
    <ClInclude Include="json.hpp">
      <Filter>Utility</Filter>
    </ClInclude>
    <ClInclude Include="SimpleMathHelper.h">
      <Filter>Utility</Filter>
    </ClInclude>
    <ClInclude Include="Status.h">
      <Filter>Utility</Filter>
    </ClInclude>
    <ClInclude Include="TMHelper.h">
      <Filter>Utility</Filter>
    </ClInclude>
    <ClInclude Include="M_Core.h">
      <Filter>Module</Filter>
    </ClInclude>
    <ClInclude Include="SceneManager.h">
      <Filter>Module</Filter>
    </ClInclude>
    <ClInclude Include="Transform.h">
      <Filter>Component</Filter>
    </ClInclude>
    <ClInclude Include="SpriteRenderer.h">
      <Filter>Component</Filter>
    </ClInclude>
    <ClInclude Include="MouseListenerComponent.h">
      <Filter>Component</Filter>
    </ClInclude>
    <ClInclude Include="KeyListenerComponent.h">
      <Filter>Component</Filter>
    </ClInclude>
    <ClInclude Include="Listener.h">
      <Filter>Component</Filter>
    </ClInclude>
    <ClInclude Include="ResourceManager.h">
      <Filter>헤더 파일</Filter>
    </ClInclude>
    <ClInclude Include="Scene.h">
      <Filter>Scene</Filter>
    </ClInclude>
    <ClInclude Include="Scene_Title.h">
      <Filter>Scene</Filter>
    </ClInclude>
    <ClInclude Include="Scene_Outgame.h">
      <Filter>Scene</Filter>
    </ClInclude>
    <ClInclude Include="Button.h">
      <Filter>헤더 파일</Filter>
    </ClInclude>
    <ClInclude Include="UI_Renderer.h">
      <Filter>Component</Filter>
    </ClInclude>
    <ClInclude Include="Scene_InGame.h">
      <Filter>Scene</Filter>
    </ClInclude>
    <ClInclude Include="Enchancer.h">
      <Filter>Item</Filter>
    </ClInclude>
    <ClInclude Include="Item.h">
      <Filter>Item</Filter>
    </ClInclude>
    <ClInclude Include="ItemManager.h">
      <Filter>Item</Filter>
    </ClInclude>
    <ClInclude Include="Material.h">
      <Filter>Item</Filter>
    </ClInclude>
    <ClInclude Include="Potion.h">
      <Filter>Item</Filter>
    </ClInclude>
    <ClInclude Include="Wearable.h">
      <Filter>Item</Filter>
    </ClInclude>
    <ClInclude Include="Inventory.h">
      <Filter>헤더 파일</Filter>
    </ClInclude>
    <ClInclude Include="ButtonComponent.h">
      <Filter>Component</Filter>
    </ClInclude>
    <ClInclude Include="CursorManager.h">
      <Filter>헤더 파일</Filter>
    </ClInclude>
    <ClInclude Include="EquipmentWindow.h">
      <Filter>헤더 파일</Filter>
    </ClInclude>
    <ClInclude Include="UIManager.h">
      <Filter>헤더 파일</Filter>
    </ClInclude>
    <ClInclude Include="UIWindow.h">
      <Filter>헤더 파일</Filter>
    </ClInclude>
    <ClInclude Include="UI_Bank.h">
      <Filter>Bank</Filter>
    </ClInclude>
    <ClInclude Include="ItemBank.h">
      <Filter>Bank</Filter>
    </ClInclude>
    <ClInclude Include="InvenMem.h">
      <Filter>Inventory</Filter>
    </ClInclude>
    <ClInclude Include="Scene_hyoje.h">
      <Filter>Scene</Filter>
    </ClInclude>
    <ClInclude Include="BackgroundComponent.h">
      <Filter>Component</Filter>
    </ClInclude>
    <ClInclude Include="Scene_MK.h">
      <Filter>Scene</Filter>
    </ClInclude>
    <ClInclude Include="EffectComponent.h">
      <Filter>Component</Filter>
    </ClInclude>
    <ClInclude Include="RenderInfo.h">
      <Filter>Component</Filter>
    </ClInclude>
    <ClInclude Include="PlayComponent.h">
      <Filter>Component</Filter>
    </ClInclude>
    <ClInclude Include="Scene_End.h">
      <Filter>Scene</Filter>
    </ClInclude>
    <ClInclude Include="Scene_History.h">
      <Filter>Scene</Filter>
    </ClInclude>
    <ClInclude Include="TextBank.h">
      <Filter>Bank</Filter>
    </ClInclude>
    <ClInclude Include="TextComponent.h">
      <Filter>Component</Filter>
    </ClInclude>
  </ItemGroup>
  <ItemGroup>
    <ClCompile Include="Main.cpp">
      <Filter>소스 파일</Filter>
    </ClCompile>
    <ClCompile Include="Object.cpp">
      <Filter>소스 파일</Filter>
    </ClCompile>
    <ClCompile Include="AsepriteParser.cpp">
      <Filter>Utility</Filter>
    </ClCompile>
    <ClCompile Include="ItemGlobal.cpp">
      <Filter>Utility</Filter>
    </ClCompile>
    <ClCompile Include="InputManager.cpp">
      <Filter>Module</Filter>
    </ClCompile>
    <ClCompile Include="M_Core.cpp">
      <Filter>Module</Filter>
    </ClCompile>
    <ClCompile Include="SpriteRenderer.cpp">
      <Filter>Component</Filter>
    </ClCompile>
    <ClCompile Include="Transform.cpp">
      <Filter>Component</Filter>
    </ClCompile>
    <ClCompile Include="Scene.cpp">
      <Filter>Scene</Filter>
    </ClCompile>
    <ClCompile Include="Scene_Title.cpp">
      <Filter>Scene</Filter>
    </ClCompile>
    <ClCompile Include="Scene_Outgame.cpp">
      <Filter>Scene</Filter>
    </ClCompile>
    <ClCompile Include="Button.cpp">
      <Filter>소스 파일</Filter>
    </ClCompile>
    <ClCompile Include="UI_Renderer.cpp">
      <Filter>Component</Filter>
    </ClCompile>
    <ClCompile Include="Scene_InGame.cpp">
      <Filter>Scene</Filter>
    </ClCompile>
    <ClCompile Include="Enchancer.cpp">
      <Filter>Item</Filter>
    </ClCompile>
    <ClCompile Include="Material.cpp">
      <Filter>Item</Filter>
    </ClCompile>
    <ClCompile Include="Potion.cpp">
      <Filter>Item</Filter>
    </ClCompile>
    <ClCompile Include="Wearable.cpp">
      <Filter>Item</Filter>
    </ClCompile>
    <ClCompile Include="ItemParseing.cpp">
      <Filter>Item</Filter>
    </ClCompile>
    <ClCompile Include="Inventory.cpp">
      <Filter>소스 파일</Filter>
    </ClCompile>
    <ClCompile Include="ButtonComponent.cpp">
      <Filter>Component</Filter>
    </ClCompile>
    <ClCompile Include="EquipmentWindow.cpp">
      <Filter>소스 파일</Filter>
    </ClCompile>
    <ClCompile Include="UIManager.cpp">
      <Filter>소스 파일</Filter>
    </ClCompile>
    <ClCompile Include="UI_Bank.cpp">
      <Filter>Bank</Filter>
    </ClCompile>
    <ClCompile Include="ItemBank.cpp">
      <Filter>Bank</Filter>
    </ClCompile>
    <ClCompile Include="ResourceManager.cpp">
      <Filter>Module</Filter>
    </ClCompile>
    <ClCompile Include="InvenMem.cpp">
      <Filter>Inventory</Filter>
    </ClCompile>
    <ClCompile Include="Scene_hyoje.cpp">
      <Filter>Scene</Filter>
    </ClCompile>
    <ClCompile Include="BackgroundComponent.cpp">
      <Filter>Component</Filter>
    </ClCompile>
    <ClCompile Include="Scene_MK.cpp">
      <Filter>Scene</Filter>
    </ClCompile>
    <ClCompile Include="EffectComponent.cpp">
      <Filter>Component</Filter>
    </ClCompile>
    <ClCompile Include="RenderInfo.cpp">
      <Filter>Component</Filter>
    </ClCompile>
    <ClCompile Include="PlayComponent.cpp">
      <Filter>Component</Filter>
    </ClCompile>
    <ClCompile Include="Scene_End.cpp">
      <Filter>Scene</Filter>
    </ClCompile>
    <ClCompile Include="Scene_History.cpp">
      <Filter>Scene</Filter>
    </ClCompile>
    <ClCompile Include="TextBank.cpp">
      <Filter>Bank</Filter>
    </ClCompile>
    <ClCompile Include="TextComponent.cpp">
      <Filter>Component</Filter>
    </ClCompile>
  </ItemGroup>
</Project>